
Microsoft Visual Studio Solution File, Format Version 10.00
# Visual Studio 2008
Project("{8BC9CEB8-8B4A-11D0-8D11-00A0C91BC942}") = "ProcessorsTemp", "ProcessorsTemp\ProcessorsTemp.vcproj", "{E9FA3C4B-E478-4685-9E85-00A92BF59C54}"
EndProject
Global
	GlobalSection(SolutionConfigurationPlatforms) = preSolution
		Debug|Win32 = Debug|Win32
		Release|Win32 = Release|Win32
	EndGlobalSection
	GlobalSection(ProjectConfigurationPlatforms) = postSolution
		{E9FA3C4B-E478-4685-9E85-00A92BF59C54}.Debug|Win32.ActiveCfg = Debug|Win32
		{E9FA3C4B-E478-4685-9E85-00A92BF59C54}.Debug|Win32.Build.0 = Debug|Win32
		{E9FA3C4B-E478-4685-9E85-00A92BF59C54}.Release|Win32.ActiveCfg = Release|Win32
		{E9FA3C4B-E478-4685-9E85-00A92BF59C54}.Release|Win32.Build.0 = Release|Win32
	EndGlobalSection
	GlobalSection(SolutionProperties) = preSolution
		HideSolutionNode = FALSE
	EndGlobalSection
EndGlobal
